
Microsoft Visual Studio Solution File, Format Version 12.00
# Visual Studio Version 17
VisualStudioVersion = 17.4.33110.190
MinimumVisualStudioVersion = 10.0.40219.1
Project("{FAE04EC0-301F-11D3-BF4B-00C04F79EFBC}") = "Piedrapapelytijera2.0", "Piedrapapelytijera2.0.csproj", "{04F1289D-EF6B-4EF0-93EC-63BB3AF13D4E}"
EndProject
Global
	GlobalSection(SolutionConfigurationPlatforms) = preSolution
		Debug|Any CPU = Debug|Any CPU
		Release|Any CPU = Release|Any CPU
	EndGlobalSection
	GlobalSection(ProjectConfigurationPlatforms) = postSolution
		{04F1289D-EF6B-4EF0-93EC-63BB3AF13D4E}.Debug|Any CPU.ActiveCfg = Debug|Any CPU
		{04F1289D-EF6B-4EF0-93EC-63BB3AF13D4E}.Debug|Any CPU.Build.0 = Debug|Any CPU
		{04F1289D-EF6B-4EF0-93EC-63BB3AF13D4E}.Release|Any CPU.ActiveCfg = Release|Any CPU
		{04F1289D-EF6B-4EF0-93EC-63BB3AF13D4E}.Release|Any CPU.Build.0 = Release|Any CPU
	EndGlobalSection
	GlobalSection(SolutionProperties) = preSolution
		HideSolutionNode = FALSE
	EndGlobalSection
	GlobalSection(ExtensibilityGlobals) = postSolution
		SolutionGuid = {78140132-603E-44B6-AC78-A433394FCA4C}
	EndGlobalSection
EndGlobal
